
Microsoft Visual Studio Solution File, Format Version 12.00
# Visual Studio Version 17
VisualStudioVersion = 17.5.33502.453
MinimumVisualStudioVersion = 10.0.40219.1
Project("{FAE04EC0-301F-11D3-BF4B-00C04F79EFBC}") = "zadanie 8", "zadanie 8.csproj", "{FE4FD209-FF70-4AD5-8C50-4299ABC77F81}"
EndProject
Global
	GlobalSection(SolutionConfigurationPlatforms) = preSolution
		Debug|Any CPU = Debug|Any CPU
		Release|Any CPU = Release|Any CPU
	EndGlobalSection
	GlobalSection(ProjectConfigurationPlatforms) = postSolution
		{FE4FD209-FF70-4AD5-8C50-4299ABC77F81}.Debug|Any CPU.ActiveCfg = Debug|Any CPU
		{FE4FD209-FF70-4AD5-8C50-4299ABC77F81}.Debug|Any CPU.Build.0 = Debug|Any CPU
		{FE4FD209-FF70-4AD5-8C50-4299ABC77F81}.Release|Any CPU.ActiveCfg = Release|Any CPU
		{FE4FD209-FF70-4AD5-8C50-4299ABC77F81}.Release|Any CPU.Build.0 = Release|Any CPU
	EndGlobalSection
	GlobalSection(SolutionProperties) = preSolution
		HideSolutionNode = FALSE
	EndGlobalSection
	GlobalSection(ExtensibilityGlobals) = postSolution
		SolutionGuid = {EF7422DB-9537-4745-A900-F5B7F79936D9}
	EndGlobalSection
EndGlobal
