
Microsoft Visual Studio Solution File, Format Version 12.00
# Visual Studio Version 17
VisualStudioVersion = 17.5.33502.453
MinimumVisualStudioVersion = 10.0.40219.1
Project("{FAE04EC0-301F-11D3-BF4B-00C04F79EFBC}") = "zadanie4", "zadanie4.csproj", "{6AAC596C-92D8-4946-A6F9-EEF1BA4CDE0B}"
EndProject
Global
	GlobalSection(SolutionConfigurationPlatforms) = preSolution
		Debug|Any CPU = Debug|Any CPU
		Release|Any CPU = Release|Any CPU
	EndGlobalSection
	GlobalSection(ProjectConfigurationPlatforms) = postSolution
		{6AAC596C-92D8-4946-A6F9-EEF1BA4CDE0B}.Debug|Any CPU.ActiveCfg = Debug|Any CPU
		{6AAC596C-92D8-4946-A6F9-EEF1BA4CDE0B}.Debug|Any CPU.Build.0 = Debug|Any CPU
		{6AAC596C-92D8-4946-A6F9-EEF1BA4CDE0B}.Release|Any CPU.ActiveCfg = Release|Any CPU
		{6AAC596C-92D8-4946-A6F9-EEF1BA4CDE0B}.Release|Any CPU.Build.0 = Release|Any CPU
	EndGlobalSection
	GlobalSection(SolutionProperties) = preSolution
		HideSolutionNode = FALSE
	EndGlobalSection
	GlobalSection(ExtensibilityGlobals) = postSolution
		SolutionGuid = {B9A32675-58FE-4EB3-B596-9FA504CF9CE7}
	EndGlobalSection
EndGlobal
